<?xml version="1.0" encoding="utf-8"?>
<Project ToolsVersion="4.0" xmlns="http://schemas.microsoft.com/developer/msbuild/2003">
  <ItemGroup>
    <Filter Include="Source Files">
      <UniqueIdentifier>{4FC737F1-C7A5-4376-A066-2A32D752A2FF}</UniqueIdentifier>
      <Extensions>cpp;c;cc;cxx;def;odl;idl;hpj;bat;asm;asmx</Extensions>
    </Filter>
    <Filter Include="Header Files">
      <UniqueIdentifier>{93995380-89BD-4b04-88EB-625FBE52EBFB}</UniqueIdentifier>
      <Extensions>h;hpp;hxx;hm;inl;inc;xsd</Extensions>
    </Filter>
    <Filter Include="TinyXML">
      <UniqueIdentifier>{1d544555-3274-48e7-8786-45b7fe063987}</UniqueIdentifier>
    </Filter>
    <Filter Include="Chess">
      <UniqueIdentifier>{a3224e69-b1c0-4e54-b414-8fc014825f23}</UniqueIdentifier>
    </Filter>
    <Filter Include="Conway">
      <UniqueIdentifier>{79a913a3-f589-4dbf-96d7-501ce476cfc2}</UniqueIdentifier>
    </Filter>
    <Filter Include="NeuralNetworks_Clustering">
      <UniqueIdentifier>{fcb9fa91-8cb4-413e-91d4-de0e74151ab0}</UniqueIdentifier>
    </Filter>
    <Filter Include="Lemmings">
      <UniqueIdentifier>{f4dc07c9-08da-43be-836a-fff110c19e32}</UniqueIdentifier>
    </Filter>
    <Filter Include="Snake">
      <UniqueIdentifier>{5219e8dc-be46-4ec7-8bd1-aaba8b72e74f}</UniqueIdentifier>
    </Filter>
  </ItemGroup>
  <ItemGroup>
    <ClInclude Include="C2DMatrix.h">
      <Filter>Header Files</Filter>
    </ClInclude>
    <ClInclude Include="Commons.h">
      <Filter>Header Files</Filter>
    </ClInclude>
    <ClInclude Include="Constants.h">
      <Filter>Header Files</Filter>
    </ClInclude>
    <ClInclude Include="GameScreen.h">
      <Filter>Header Files</Filter>
    </ClInclude>
    <ClInclude Include="GameScreenManager.h">
      <Filter>Header Files</Filter>
    </ClInclude>
    <ClInclude Include="Texture2D.h">
      <Filter>Header Files</Filter>
    </ClInclude>
    <ClInclude Include="TinyXML\tinystr.h">
      <Filter>TinyXML</Filter>
    </ClInclude>
    <ClInclude Include="TinyXML\tinyxml.h">
      <Filter>TinyXML</Filter>
    </ClInclude>
    <ClInclude Include="Chess\ChessConstants.h">
      <Filter>Chess</Filter>
    </ClInclude>
    <ClInclude Include="Chess\GameScreen_Chess.h">
      <Filter>Chess</Filter>
    </ClInclude>
    <ClInclude Include="Chess\ChessCommons.h">
      <Filter>Chess</Filter>
    </ClInclude>
    <ClInclude Include="Chess\ChessPlayer.h">
      <Filter>Chess</Filter>
    </ClInclude>
    <ClInclude Include="Chess\ChessMoveManager.h">
      <Filter>Chess</Filter>
    </ClInclude>
    <ClInclude Include="Conway\GameScreen_Conway.h">
      <Filter>Conway</Filter>
    </ClInclude>
    <ClInclude Include="Conway\ConwayConstants.h">
      <Filter>Conway</Filter>
    </ClInclude>
    <ClInclude Include="NeuralNetworks_Clustering\ClusteringConstants.h">
      <Filter>NeuralNetworks_Clustering</Filter>
    </ClInclude>
    <ClInclude Include="NeuralNetworks_Clustering\GameScreen_Clustering.h">
      <Filter>NeuralNetworks_Clustering</Filter>
    </ClInclude>
    <ClInclude Include="GameObject.h">
      <Filter>Header Files</Filter>
    </ClInclude>
    <ClInclude Include="Lemmings\Character_Lemmings.h">
      <Filter>Lemmings</Filter>
    </ClInclude>
    <ClInclude Include="Lemmings\Commons_Lemmings.h">
      <Filter>Lemmings</Filter>
    </ClInclude>
    <ClInclude Include="Lemmings\Constants_Lemmings.h">
      <Filter>Lemmings</Filter>
    </ClInclude>
    <ClInclude Include="Lemmings\GameManager_Lemmings.h">
      <Filter>Lemmings</Filter>
    </ClInclude>
    <ClInclude Include="Lemmings\GameScreen_Lemmings.h">
      <Filter>Lemmings</Filter>
    </ClInclude>
    <ClInclude Include="Lemmings\Landscape_Lemmings.h">
      <Filter>Lemmings</Filter>
    </ClInclude>
    <ClInclude Include="Lemmings\PhysicsObject_Lemmings.h">
      <Filter>Lemmings</Filter>
    </ClInclude>
    <ClInclude Include="Lemmings\UIManager_Lemmings.h">
      <Filter>Lemmings</Filter>
    </ClInclude>
    <ClInclude Include="Lemmings\VirtualJoypad_Lemmings.h">
      <Filter>Lemmings</Filter>
    </ClInclude>
    <ClInclude Include="Lemmings\ObjectManager_Lemmings.h">
      <Filter>Lemmings</Filter>
    </ClInclude>
    <ClInclude Include="Snake\GameScreen_Snake.h">
      <Filter>Snake</Filter>
    </ClInclude>
    <ClInclude Include="Snake\SnakeConstants.h">
      <Filter>Snake</Filter>
    </ClInclude>
    <ClInclude Include="Snake\SnakeCommons.h">
      <Filter>Snake</Filter>
    </ClInclude>
    <ClInclude Include="VirtualJoypad.h">
      <Filter>Header Files</Filter>
    </ClInclude>
    <ClInclude Include="b013432fHelper.h">
      <Filter>Header Files</Filter>
    </ClInclude>
    <ClInclude Include="Lemmings\Gene_Lemmings.h">
      <Filter>Header Files</Filter>
    </ClInclude>
    <ClInclude Include="Lemmings\GeneFileManager.h">
      <Filter>Header Files</Filter>
    </ClInclude>
    <ClInclude Include="Lemmings\StateManager_Lemmings.h">
      <Filter>Header Files</Filter>
    </ClInclude>
  </ItemGroup>
  <ItemGroup>
    <ClCompile Include="GameScreen.cpp">
      <Filter>Source Files</Filter>
    </ClCompile>
    <ClCompile Include="GameScreenManager.cpp">
      <Filter>Source Files</Filter>
    </ClCompile>
    <ClCompile Include="Source.cpp">
      <Filter>Source Files</Filter>
    </ClCompile>
    <ClCompile Include="Texture2D.cpp">
      <Filter>Source Files</Filter>
    </ClCompile>
    <ClCompile Include="TinyXML\tinystr.cpp">
      <Filter>TinyXML</Filter>
    </ClCompile>
    <ClCompile Include="TinyXML\tinyxml.cpp">
      <Filter>TinyXML</Filter>
    </ClCompile>
    <ClCompile Include="TinyXML\tinyxmlerror.cpp">
      <Filter>TinyXML</Filter>
    </ClCompile>
    <ClCompile Include="TinyXML\tinyxmlparser.cpp">
      <Filter>TinyXML</Filter>
    </ClCompile>
    <ClCompile Include="Chess\GameScreen_Chess.cpp">
      <Filter>Chess</Filter>
    </ClCompile>
    <ClCompile Include="Chess\ChessPlayer.cpp">
      <Filter>Chess</Filter>
    </ClCompile>
    <ClCompile Include="Chess\ChessMoveManager.cpp">
      <Filter>Chess</Filter>
    </ClCompile>
    <ClCompile Include="Conway\GameScreen_Conway.cpp">
      <Filter>Conway</Filter>
    </ClCompile>
    <ClCompile Include="NeuralNetworks_Clustering\GameScreen_Clustering.cpp">
      <Filter>NeuralNetworks_Clustering</Filter>
    </ClCompile>
    <ClCompile Include="GameObject.cpp">
      <Filter>Source Files</Filter>
    </ClCompile>
    <ClCompile Include="Lemmings\GameManager_Lemmings.cpp">
      <Filter>Lemmings</Filter>
    </ClCompile>
    <ClCompile Include="Lemmings\GameScreen_Lemmings.cpp">
      <Filter>Lemmings</Filter>
    </ClCompile>
    <ClCompile Include="Lemmings\Landscape_Lemmings.cpp">
      <Filter>Lemmings</Filter>
    </ClCompile>
    <ClCompile Include="Lemmings\PhysicsObject_Lemmings.cpp">
      <Filter>Lemmings</Filter>
    </ClCompile>
    <ClCompile Include="Lemmings\UIManager_Lemmings.cpp">
      <Filter>Lemmings</Filter>
    </ClCompile>
    <ClCompile Include="Lemmings\VirtualJoypad_Lemmings.cpp">
      <Filter>Lemmings</Filter>
    </ClCompile>
    <ClCompile Include="Lemmings\ObjectManager_Lemmings.cpp">
      <Filter>Lemmings</Filter>
    </ClCompile>
    <ClCompile Include="Snake\GameScreen_Snake.cpp">
      <Filter>Snake</Filter>
    </ClCompile>
    <ClCompile Include="VirtualJoypad.cpp">
      <Filter>Source Files</Filter>
    </ClCompile>
    <ClCompile Include="Lemmings\Character_Lemmings.cpp">
      <Filter>Lemmings</Filter>
    </ClCompile>
    <ClCompile Include="b013432fHelper.cpp">
      <Filter>Source Files</Filter>
    </ClCompile>
    <ClCompile Include="Lemmings\Gene_Lemmings.cpp">
      <Filter>Source Files</Filter>
    </ClCompile>
    <ClCompile Include="Lemmings\GeneFileManager.cpp">
      <Filter>Source Files</Filter>
    </ClCompile>
    <ClCompile Include="Lemmings\StateManager_Lemmings.cpp">
      <Filter>Source Files</Filter>
    </ClCompile>
  </ItemGroup>
  <ItemGroup>
    <Library Include="SDL\SDL2.lib" />
    <Library Include="SDL\SDL2_image.lib" />
    <Library Include="SDL\SDL2_mixer.lib" />
    <Library Include="SDL\SDL2main.lib" />
  </ItemGroup>
  <ItemGroup>
    <None Include="Conway\ConwaySeed.xml">
      <Filter>Conway</Filter>
    </None>
  </ItemGroup>
</Project>